
Microsoft Visual Studio Solution File, Format Version 12.00
# Visual Studio Version 16
VisualStudioVersion = 16.0.32106.194
MinimumVisualStudioVersion = 10.0.40219.1
Project("{9A19103F-16F7-4668-BE54-9A1E7A4F7556}") = "WebApi", "WebApi\WebApi.csproj", "{5FB18966-797F-417C-BBAA-580B2B0BBA7C}"
EndProject
Project("{9A19103F-16F7-4668-BE54-9A1E7A4F7556}") = "DAL", "DAL\DAL.csproj", "{98B97622-CE0F-47C2-BA23-721BFAC0C5C0}"
EndProject
Project("{9A19103F-16F7-4668-BE54-9A1E7A4F7556}") = "BLL", "BLL\BLL.csproj", "{955BD551-4A01-4C51-AA83-A99D979834CF}"
EndProject
Project("{FAE04EC0-301F-11D3-BF4B-00C04F79EFBC}") = "Forum.Tests", "Forum.Tests\Forum.Tests.csproj", "{5A73FCF5-4272-4B51-B97D-B4FF3B23608C}"
EndProject
Global
	GlobalSection(SolutionConfigurationPlatforms) = preSolution
		Debug|Any CPU = Debug|Any CPU
		Release|Any CPU = Release|Any CPU
	EndGlobalSection
	GlobalSection(ProjectConfigurationPlatforms) = postSolution
		{5FB18966-797F-417C-BBAA-580B2B0BBA7C}.Debug|Any CPU.ActiveCfg = Debug|Any CPU
		{5FB18966-797F-417C-BBAA-580B2B0BBA7C}.Debug|Any CPU.Build.0 = Debug|Any CPU
		{5FB18966-797F-417C-BBAA-580B2B0BBA7C}.Release|Any CPU.ActiveCfg = Release|Any CPU
		{5FB18966-797F-417C-BBAA-580B2B0BBA7C}.Release|Any CPU.Build.0 = Release|Any CPU
		{98B97622-CE0F-47C2-BA23-721BFAC0C5C0}.Debug|Any CPU.ActiveCfg = Debug|Any CPU
		{98B97622-CE0F-47C2-BA23-721BFAC0C5C0}.Debug|Any CPU.Build.0 = Debug|Any CPU
		{98B97622-CE0F-47C2-BA23-721BFAC0C5C0}.Release|Any CPU.ActiveCfg = Release|Any CPU
		{98B97622-CE0F-47C2-BA23-721BFAC0C5C0}.Release|Any CPU.Build.0 = Release|Any CPU
		{955BD551-4A01-4C51-AA83-A99D979834CF}.Debug|Any CPU.ActiveCfg = Debug|Any CPU
		{955BD551-4A01-4C51-AA83-A99D979834CF}.Debug|Any CPU.Build.0 = Debug|Any CPU
		{955BD551-4A01-4C51-AA83-A99D979834CF}.Release|Any CPU.ActiveCfg = Release|Any CPU
		{955BD551-4A01-4C51-AA83-A99D979834CF}.Release|Any CPU.Build.0 = Release|Any CPU
		{5A73FCF5-4272-4B51-B97D-B4FF3B23608C}.Debug|Any CPU.ActiveCfg = Debug|Any CPU
		{5A73FCF5-4272-4B51-B97D-B4FF3B23608C}.Debug|Any CPU.Build.0 = Debug|Any CPU
		{5A73FCF5-4272-4B51-B97D-B4FF3B23608C}.Release|Any CPU.ActiveCfg = Release|Any CPU
		{5A73FCF5-4272-4B51-B97D-B4FF3B23608C}.Release|Any CPU.Build.0 = Release|Any CPU
	EndGlobalSection
	GlobalSection(SolutionProperties) = preSolution
		HideSolutionNode = FALSE
	EndGlobalSection
	GlobalSection(ExtensibilityGlobals) = postSolution
		SolutionGuid = {23172C34-D7E7-41E0-8A0E-9E80B9333105}
	EndGlobalSection
EndGlobal
