
Microsoft Visual Studio Solution File, Format Version 12.00
# Visual Studio Version 16
VisualStudioVersion = 16.0.32106.194
MinimumVisualStudioVersion = 10.0.40219.1
Project("{FAE04EC0-301F-11D3-BF4B-00C04F79EFBC}") = "WebApi", "WebApi\WebApi.csproj", "{5FB18966-797F-417C-BBAA-580B2B0BBA7C}"
EndProject
Global
	GlobalSection(SolutionConfigurationPlatforms) = preSolution
		Debug|Any CPU = Debug|Any CPU
		Release|Any CPU = Release|Any CPU
	EndGlobalSection
	GlobalSection(ProjectConfigurationPlatforms) = postSolution
		{5FB18966-797F-417C-BBAA-580B2B0BBA7C}.Debug|Any CPU.ActiveCfg = Debug|Any CPU
		{5FB18966-797F-417C-BBAA-580B2B0BBA7C}.Debug|Any CPU.Build.0 = Debug|Any CPU
		{5FB18966-797F-417C-BBAA-580B2B0BBA7C}.Release|Any CPU.ActiveCfg = Release|Any CPU
		{5FB18966-797F-417C-BBAA-580B2B0BBA7C}.Release|Any CPU.Build.0 = Release|Any CPU
	EndGlobalSection
	GlobalSection(SolutionProperties) = preSolution
		HideSolutionNode = FALSE
	EndGlobalSection
	GlobalSection(ExtensibilityGlobals) = postSolution
		SolutionGuid = {23172C34-D7E7-41E0-8A0E-9E80B9333105}
	EndGlobalSection
EndGlobal
